<?xml version="1.0" encoding="utf-8"?>
<Project ToolsVersion="4.0" xmlns="http://schemas.microsoft.com/developer/msbuild/2003">
  <ItemGroup>
    <Filter Include="ソース ファイル">
      <UniqueIdentifier>{4FC737F1-C7A5-4376-A066-2A32D752A2FF}</UniqueIdentifier>
      <Extensions>cpp;c;cc;cxx;c++;cppm;ixx;def;odl;idl;hpj;bat;asm;asmx</Extensions>
    </Filter>
    <Filter Include="リソース ファイル">
      <UniqueIdentifier>{67DA6AB6-F800-4c08-8B7A-83BB121AAD01}</UniqueIdentifier>
      <Extensions>rc;ico;cur;bmp;dlg;rc2;rct;bin;rgs;gif;jpg;jpeg;jpe;resx;tiff;tif;png;wav;mfcribbon-ms</Extensions>
    </Filter>
    <Filter Include="Collision">
      <UniqueIdentifier>{4eae9288-3b91-4c46-9074-daa71f753f8d}</UniqueIdentifier>
    </Filter>
    <Filter Include="2d">
      <UniqueIdentifier>{b3f4fcc2-6bb1-4454-8e89-b3c3d9032d97}</UniqueIdentifier>
    </Filter>
    <Filter Include="3d">
      <UniqueIdentifier>{68992d23-de7b-4593-8210-fdd1fa6668dd}</UniqueIdentifier>
    </Filter>
    <Filter Include="Light">
      <UniqueIdentifier>{da5cbf98-8efb-4797-a052-89b32e994b42}</UniqueIdentifier>
    </Filter>
    <Filter Include="Base">
      <UniqueIdentifier>{06ae731f-248d-4ac5-9453-3487934e5482}</UniqueIdentifier>
    </Filter>
    <Filter Include="Ease">
      <UniqueIdentifier>{5cdd27ed-c8b7-4f93-b746-842bce4f1fb7}</UniqueIdentifier>
    </Filter>
    <Filter Include="Audio">
      <UniqueIdentifier>{53cf99f1-0351-4a01-bfa0-06587822a75d}</UniqueIdentifier>
    </Filter>
    <Filter Include="Camera">
      <UniqueIdentifier>{8461e635-c6d2-40b4-b3bc-021e5ea2014b}</UniqueIdentifier>
    </Filter>
    <Filter Include="Scene">
      <UniqueIdentifier>{2dc44d06-d7e6-450f-a41c-01e97a955073}</UniqueIdentifier>
    </Filter>
  </ItemGroup>
  <ItemGroup>
    <ClCompile Include="main.cpp">
      <Filter>ソース ファイル</Filter>
    </ClCompile>
    <ClCompile Include="Collision\Collision.cpp">
      <Filter>Collision</Filter>
    </ClCompile>
    <ClCompile Include="Collision\CollisionPrimitive.cpp">
      <Filter>Collision</Filter>
    </ClCompile>
    <ClCompile Include="2d\DebugText.cpp">
      <Filter>2d</Filter>
    </ClCompile>
    <ClCompile Include="2d\Sprite.cpp">
      <Filter>2d</Filter>
    </ClCompile>
    <ClCompile Include="3d\Object3d.cpp">
      <Filter>3d</Filter>
    </ClCompile>
    <ClCompile Include="3d\Model.cpp">
      <Filter>3d</Filter>
    </ClCompile>
    <ClCompile Include="3d\Mesh.cpp">
      <Filter>3d</Filter>
    </ClCompile>
    <ClCompile Include="3d\Material.cpp">
      <Filter>3d</Filter>
    </ClCompile>
    <ClCompile Include="3d\ParticleManager.cpp">
      <Filter>3d</Filter>
    </ClCompile>
    <ClCompile Include="base\WinApp.cpp">
      <Filter>Base</Filter>
    </ClCompile>
    <ClCompile Include="base\DirectXCommon.cpp">
      <Filter>Base</Filter>
    </ClCompile>
    <ClCompile Include="audio\Audio.cpp">
      <Filter>Audio</Filter>
    </ClCompile>
    <ClCompile Include="camera\Camera.cpp">
      <Filter>Camera</Filter>
    </ClCompile>
    <ClCompile Include="camera\DebugCamera.cpp">
      <Filter>Camera</Filter>
    </ClCompile>
    <ClCompile Include="input\Input.cpp">
      <Filter>Base</Filter>
    </ClCompile>
    <ClCompile Include="scene\GameScene.cpp">
      <Filter>Scene</Filter>
    </ClCompile>
    <ClCompile Include="Light\Light.cpp">
      <Filter>Light</Filter>
    </ClCompile>
    <ClCompile Include="Ease\Ease.cpp">
      <Filter>Ease</Filter>
    </ClCompile>
  </ItemGroup>
  <ItemGroup>
    <ClInclude Include="Collision\Collision.h">
      <Filter>Collision</Filter>
    </ClInclude>
    <ClInclude Include="Collision\CollisionPrimitive.h">
      <Filter>Collision</Filter>
    </ClInclude>
    <ClInclude Include="2d\DebugText.h">
      <Filter>2d</Filter>
    </ClInclude>
    <ClInclude Include="2d\Sprite.h">
      <Filter>2d</Filter>
    </ClInclude>
    <ClInclude Include="3d\Object3d.h">
      <Filter>3d</Filter>
    </ClInclude>
    <ClInclude Include="3d\Model.h">
      <Filter>3d</Filter>
    </ClInclude>
    <ClInclude Include="3d\Mesh.h">
      <Filter>3d</Filter>
    </ClInclude>
    <ClInclude Include="3d\Material.h">
      <Filter>3d</Filter>
    </ClInclude>
    <ClInclude Include="3d\ParticleManager.h">
      <Filter>3d</Filter>
    </ClInclude>
    <ClInclude Include="base\WinApp.h">
      <Filter>Base</Filter>
    </ClInclude>
    <ClInclude Include="base\SafeDelete.h">
      <Filter>Base</Filter>
    </ClInclude>
    <ClInclude Include="base\DirectXCommon.h">
      <Filter>Base</Filter>
    </ClInclude>
    <ClInclude Include="audio\Audio.h">
      <Filter>Audio</Filter>
    </ClInclude>
    <ClInclude Include="camera\Camera.h">
      <Filter>Camera</Filter>
    </ClInclude>
    <ClInclude Include="camera\DebugCamera.h">
      <Filter>Camera</Filter>
    </ClInclude>
    <ClInclude Include="input\Input.h">
      <Filter>Base</Filter>
    </ClInclude>
    <ClInclude Include="scene\GameScene.h">
      <Filter>Scene</Filter>
    </ClInclude>
    <ClInclude Include="Light\Light.h">
      <Filter>Light</Filter>
    </ClInclude>
    <ClInclude Include="Ease\Ease.h">
      <Filter>Ease</Filter>
    </ClInclude>
  </ItemGroup>
</Project>